// !$*UTF8*$!
{
	archiveVersion = 1;
	classes = {
	};
	objectVersion = 46;
	objects = {

/* Begin PBXBuildFile section */
		8EE7486316C6D69D00089887 /* UIKit.framework in Frameworks */ = {isa = PBXBuildFile; fileRef = 8EE7486216C6D69D00089887 /* UIKit.framework */; };
		8EE7486516C6D69D00089887 /* Foundation.framework in Frameworks */ = {isa = PBXBuildFile; fileRef = 8EE7486416C6D69D00089887 /* Foundation.framework */; };
		8EE7486716C6D69D00089887 /* CoreGraphics.framework in Frameworks */ = {isa = PBXBuildFile; fileRef = 8EE7486616C6D69D00089887 /* CoreGraphics.framework */; };
		8EE7486D16C6D69D00089887 /* InfoPlist.strings in Resources */ = {isa = PBXBuildFile; fileRef = 8EE7486B16C6D69D00089887 /* InfoPlist.strings */; };
		8EE7486F16C6D69D00089887 /* main.m in Sources */ = {isa = PBXBuildFile; fileRef = 8EE7486E16C6D69D00089887 /* main.m */; };
		8EE7487316C6D69D00089887 /* DMRAppDelegate.m in Sources */ = {isa = PBXBuildFile; fileRef = 8EE7487216C6D69D00089887 /* DMRAppDelegate.m */; };
		8EE7487516C6D69D00089887 /* Default.png in Resources */ = {isa = PBXBuildFile; fileRef = 8EE7487416C6D69D00089887 /* Default.png */; };
		8EE7487716C6D69D00089887 /* Default@2x.png in Resources */ = {isa = PBXBuildFile; fileRef = 8EE7487616C6D69D00089887 /* Default@2x.png */; };
		8EE7487916C6D69D00089887 /* Default-568h@2x.png in Resources */ = {isa = PBXBuildFile; fileRef = 8EE7487816C6D69D00089887 /* Default-568h@2x.png */; };
		8EE7487C16C6D69D00089887 /* MainStoryboard.storyboard in Resources */ = {isa = PBXBuildFile; fileRef = 8EE7487A16C6D69D00089887 /* MainStoryboard.storyboard */; };
		8EE7487F16C6D69D00089887 /* DMRViewController.m in Sources */ = {isa = PBXBuildFile; fileRef = 8EE7487E16C6D69D00089887 /* DMRViewController.m */; };
		8EE7488716C6D69D00089887 /* SenTestingKit.framework in Frameworks */ = {isa = PBXBuildFile; fileRef = 8EE7488616C6D69D00089887 /* SenTestingKit.framework */; };
		8EE7488816C6D69D00089887 /* UIKit.framework in Frameworks */ = {isa = PBXBuildFile; fileRef = 8EE7486216C6D69D00089887 /* UIKit.framework */; };
		8EE7488916C6D69D00089887 /* Foundation.framework in Frameworks */ = {isa = PBXBuildFile; fileRef = 8EE7486416C6D69D00089887 /* Foundation.framework */; };
		8EE7489116C6D69D00089887 /* InfoPlist.strings in Resources */ = {isa = PBXBuildFile; fileRef = 8EE7488F16C6D69D00089887 /* InfoPlist.strings */; };
		8EE7489416C6D69D00089887 /* CalculatorTests.m in Sources */ = {isa = PBXBuildFile; fileRef = 8EE7489316C6D69D00089887 /* CalculatorTests.m */; };
/* End PBXBuildFile section */

/* Begin PBXContainerItemProxy section */
		8EE7488A16C6D69D00089887 /* PBXContainerItemProxy */ = {
			isa = PBXContainerItemProxy;
			containerPortal = 8EE7485716C6D69D00089887 /* Project object */;
			proxyType = 1;
			remoteGlobalIDString = 8EE7485E16C6D69D00089887;
			remoteInfo = Calculator;
		};
/* End PBXContainerItemProxy section */

/* Begin PBXFileReference section */
		8EE7485F16C6D69D00089887 /* Calculator.app */ = {isa = PBXFileReference; explicitFileType = wrapper.application; includeInIndex = 0; path = Calculator.app; sourceTree = BUILT_PRODUCTS_DIR; };
		8EE7486216C6D69D00089887 /* UIKit.framework */ = {isa = PBXFileReference; lastKnownFileType = wrapper.framework; name = UIKit.framework; path = System/Library/Frameworks/UIKit.framework; sourceTree = SDKROOT; };
		8EE7486416C6D69D00089887 /* Foundation.framework */ = {isa = PBXFileReference; lastKnownFileType = wrapper.framework; name = Foundation.framework; path = System/Library/Frameworks/Foundation.framework; sourceTree = SDKROOT; };
		8EE7486616C6D69D00089887 /* CoreGraphics.framework */ = {isa = PBXFileReference; lastKnownFileType = wrapper.framework; name = CoreGraphics.framework; path = System/Library/Frameworks/CoreGraphics.framework; sourceTree = SDKROOT; };
		8EE7486A16C6D69D00089887 /* Calculator-Info.plist */ = {isa = PBXFileReference; lastKnownFileType = text.plist.xml; path = "Calculator-Info.plist"; sourceTree = "<group>"; };
		8EE7486C16C6D69D00089887 /* en */ = {isa = PBXFileReference; lastKnownFileType = text.plist.strings; name = en; path = en.lproj/InfoPlist.strings; sourceTree = "<group>"; };
		8EE7486E16C6D69D00089887 /* main.m */ = {isa = PBXFileReference; lastKnownFileType = sourcecode.c.objc; path = main.m; sourceTree = "<group>"; };
		8EE7487016C6D69D00089887 /* Calculator-Prefix.pch */ = {isa = PBXFileReference; lastKnownFileType = sourcecode.c.h; path = "Calculator-Prefix.pch"; sourceTree = "<group>"; };
		8EE7487116C6D69D00089887 /* DMRAppDelegate.h */ = {isa = PBXFileReference; lastKnownFileType = sourcecode.c.h; path = DMRAppDelegate.h; sourceTree = "<group>"; };
		8EE7487216C6D69D00089887 /* DMRAppDelegate.m */ = {isa = PBXFileReference; lastKnownFileType = sourcecode.c.objc; path = DMRAppDelegate.m; sourceTree = "<group>"; };
		8EE7487416C6D69D00089887 /* Default.png */ = {isa = PBXFileReference; lastKnownFileType = image.png; path = Default.png; sourceTree = "<group>"; };
		8EE7487616C6D69D00089887 /* Default@2x.png */ = {isa = PBXFileReference; lastKnownFileType = image.png; path = "Default@2x.png"; sourceTree = "<group>"; };
		8EE7487816C6D69D00089887 /* Default-568h@2x.png */ = {isa = PBXFileReference; lastKnownFileType = image.png; path = "Default-568h@2x.png"; sourceTree = "<group>"; };
		8EE7487B16C6D69D00089887 /* en */ = {isa = PBXFileReference; lastKnownFileType = file.storyboard; name = en; path = en.lproj/MainStoryboard.storyboard; sourceTree = "<group>"; };
		8EE7487D16C6D69D00089887 /* DMRViewController.h */ = {isa = PBXFileReference; lastKnownFileType = sourcecode.c.h; path = DMRViewController.h; sourceTree = "<group>"; };
		8EE7487E16C6D69D00089887 /* DMRViewController.m */ = {isa = PBXFileReference; lastKnownFileType = sourcecode.c.objc; path = DMRViewController.m; sourceTree = "<group>"; };
		8EE7488516C6D69D00089887 /* CalculatorTests.octest */ = {isa = PBXFileReference; explicitFileType = wrapper.cfbundle; includeInIndex = 0; path = CalculatorTests.octest; sourceTree = BUILT_PRODUCTS_DIR; };
		8EE7488616C6D69D00089887 /* SenTestingKit.framework */ = {isa = PBXFileReference; lastKnownFileType = wrapper.framework; name = SenTestingKit.framework; path = Library/Frameworks/SenTestingKit.framework; sourceTree = DEVELOPER_DIR; };
		8EE7488E16C6D69D00089887 /* CalculatorTests-Info.plist */ = {isa = PBXFileReference; lastKnownFileType = text.plist.xml; path = "CalculatorTests-Info.plist"; sourceTree = "<group>"; };
		8EE7489016C6D69D00089887 /* en */ = {isa = PBXFileReference; lastKnownFileType = text.plist.strings; name = en; path = en.lproj/InfoPlist.strings; sourceTree = "<group>"; };
		8EE7489216C6D69D00089887 /* CalculatorTests.h */ = {isa = PBXFileReference; lastKnownFileType = sourcecode.c.h; path = CalculatorTests.h; sourceTree = "<group>"; };
		8EE7489316C6D69D00089887 /* CalculatorTests.m */ = {isa = PBXFileReference; lastKnownFileType = sourcecode.c.objc; path = CalculatorTests.m; sourceTree = "<group>"; };
/* End PBXFileReference section */

/* Begin PBXFrameworksBuildPhase section */
		8EE7485C16C6D69D00089887 /* Frameworks */ = {
			isa = PBXFrameworksBuildPhase;
			buildActionMask = 2147483647;
			files = (
				8EE7486316C6D69D00089887 /* UIKit.framework in Frameworks */,
				8EE7486516C6D69D00089887 /* Foundation.framework in Frameworks */,
				8EE7486716C6D69D00089887 /* CoreGraphics.framework in Frameworks */,
			);
			runOnlyForDeploymentPostprocessing = 0;
		};
		8EE7488116C6D69D00089887 /* Frameworks */ = {
			isa = PBXFrameworksBuildPhase;
			buildActionMask = 2147483647;
			files = (
				8EE7488716C6D69D00089887 /* SenTestingKit.framework in Frameworks */,
				8EE7488816C6D69D00089887 /* UIKit.framework in Frameworks */,
				8EE7488916C6D69D00089887 /* Foundation.framework in Frameworks */,
			);
			runOnlyForDeploymentPostprocessing = 0;
		};
/* End PBXFrameworksBuildPhase section */

/* Begin PBXGroup section */
		8EE7485616C6D69C00089887 = {
			isa = PBXGroup;
			children = (
				8EE7486816C6D69D00089887 /* Calculator */,
				8EE7488C16C6D69D00089887 /* CalculatorTests */,
				8EE7486116C6D69D00089887 /* Frameworks */,
				8EE7486016C6D69D00089887 /* Products */,
			);
			sourceTree = "<group>";
		};
		8EE7486016C6D69D00089887 /* Products */ = {
			isa = PBXGroup;
			children = (
				8EE7485F16C6D69D00089887 /* Calculator.app */,
				8EE7488516C6D69D00089887 /* CalculatorTests.octest */,
			);
			name = Products;
			sourceTree = "<group>";
		};
		8EE7486116C6D69D00089887 /* Frameworks */ = {
			isa = PBXGroup;
			children = (
				8EE7486216C6D69D00089887 /* UIKit.framework */,
				8EE7486416C6D69D00089887 /* Foundation.framework */,
				8EE7486616C6D69D00089887 /* CoreGraphics.framework */,
				8EE7488616C6D69D00089887 /* SenTestingKit.framework */,
			);
			name = Frameworks;
			sourceTree = "<group>";
		};
		8EE7486816C6D69D00089887 /* Calculator */ = {
			isa = PBXGroup;
			children = (
				8EE7487116C6D69D00089887 /* DMRAppDelegate.h */,
				8EE7487216C6D69D00089887 /* DMRAppDelegate.m */,
				8EE7487A16C6D69D00089887 /* MainStoryboard.storyboard */,
				8EE7487D16C6D69D00089887 /* DMRViewController.h */,
				8EE7487E16C6D69D00089887 /* DMRViewController.m */,
				8EE7486916C6D69D00089887 /* Supporting Files */,
			);
			path = Calculator;
			sourceTree = "<group>";
		};
		8EE7486916C6D69D00089887 /* Supporting Files */ = {
			isa = PBXGroup;
			children = (
				8EE7486A16C6D69D00089887 /* Calculator-Info.plist */,
				8EE7486B16C6D69D00089887 /* InfoPlist.strings */,
				8EE7486E16C6D69D00089887 /* main.m */,
				8EE7487016C6D69D00089887 /* Calculator-Prefix.pch */,
				8EE7487416C6D69D00089887 /* Default.png */,
				8EE7487616C6D69D00089887 /* Default@2x.png */,
				8EE7487816C6D69D00089887 /* Default-568h@2x.png */,
			);
			name = "Supporting Files";
			sourceTree = "<group>";
		};
		8EE7488C16C6D69D00089887 /* CalculatorTests */ = {
			isa = PBXGroup;
			children = (
				8EE7489216C6D69D00089887 /* CalculatorTests.h */,
				8EE7489316C6D69D00089887 /* CalculatorTests.m */,
				8EE7488D16C6D69D00089887 /* Supporting Files */,
			);
			path = CalculatorTests;
			sourceTree = "<group>";
		};
		8EE7488D16C6D69D00089887 /* Supporting Files */ = {
			isa = PBXGroup;
			children = (
				8EE7488E16C6D69D00089887 /* CalculatorTests-Info.plist */,
				8EE7488F16C6D69D00089887 /* InfoPlist.strings */,
			);
			name = "Supporting Files";
			sourceTree = "<group>";
		};
/* End PBXGroup section */

/* Begin PBXNativeTarget section */
		8EE7485E16C6D69D00089887 /* Calculator */ = {
			isa = PBXNativeTarget;
			buildConfigurationList = 8EE7489716C6D69D00089887 /* Build configuration list for PBXNativeTarget "Calculator" */;
			buildPhases = (
				8EE7485B16C6D69D00089887 /* Sources */,
				8EE7485C16C6D69D00089887 /* Frameworks */,
				8EE7485D16C6D69D00089887 /* Resources */,
			);
			buildRules = (
			);
			dependencies = (
			);
			name = Calculator;
			productName = Calculator;
			productReference = 8EE7485F16C6D69D00089887 /* Calculator.app */;
			productType = "com.apple.product-type.application";
		};
		8EE7488416C6D69D00089887 /* CalculatorTests */ = {
			isa = PBXNativeTarget;
			buildConfigurationList = 8EE7489A16C6D69D00089887 /* Build configuration list for PBXNativeTarget "CalculatorTests" */;
			buildPhases = (
				8EE7488016C6D69D00089887 /* Sources */,
				8EE7488116C6D69D00089887 /* Frameworks */,
				8EE7488216C6D69D00089887 /* Resources */,
				8EE7488316C6D69D00089887 /* ShellScript */,
			);
			buildRules = (
			);
			dependencies = (
				8EE7488B16C6D69D00089887 /* PBXTargetDependency */,
			);
			name = CalculatorTests;
			productName = CalculatorTests;
			productReference = 8EE7488516C6D69D00089887 /* CalculatorTests.octest */;
			productType = "com.apple.product-type.bundle";
		};
/* End PBXNativeTarget section */

/* Begin PBXProject section */
		8EE7485716C6D69D00089887 /* Project object */ = {
			isa = PBXProject;
			attributes = {
				CLASSPREFIX = DMR;
				LastUpgradeCheck = 0460;
				ORGANIZATIONNAME = "Dan Reife";
			};
			buildConfigurationList = 8EE7485A16C6D69D00089887 /* Build configuration list for PBXProject "Calculator" */;
			compatibilityVersion = "Xcode 3.2";
			developmentRegion = English;
			hasScannedForEncodings = 0;
			knownRegions = (
				en,
			);
			mainGroup = 8EE7485616C6D69C00089887;
			productRefGroup = 8EE7486016C6D69D00089887 /* Products */;
			projectDirPath = "";
			projectRoot = "";
			targets = (
				8EE7485E16C6D69D00089887 /* Calculator */,
				8EE7488416C6D69D00089887 /* CalculatorTests */,
			);
		};
/* End PBXProject section */

/* Begin PBXResourcesBuildPhase section */
		8EE7485D16C6D69D00089887 /* Resources */ = {
			isa = PBXResourcesBuildPhase;
			buildActionMask = 2147483647;
			files = (
				8EE7486D16C6D69D00089887 /* InfoPlist.strings in Resources */,
				8EE7487516C6D69D00089887 /* Default.png in Resources */,
				8EE7487716C6D69D00089887 /* Default@2x.png in Resources */,
				8EE7487916C6D69D00089887 /* Default-568h@2x.png in Resources */,
				8EE7487C16C6D69D00089887 /* MainStoryboard.storyboard in Resources */,
			);
			runOnlyForDeploymentPostprocessing = 0;
		};
		8EE7488216C6D69D00089887 /* Resources */ = {
			isa = PBXResourcesBuildPhase;
			buildActionMask = 2147483647;
			files = (
				8EE7489116C6D69D00089887 /* InfoPlist.strings in Resources */,
			);
			runOnlyForDeploymentPostprocessing = 0;
		};
/* End PBXResourcesBuildPhase section */

/* Begin PBXShellScriptBuildPhase section */
		8EE7488316C6D69D00089887 /* ShellScript */ = {
			isa = PBXShellScriptBuildPhase;
			buildActionMask = 2147483647;
			files = (
			);
			inputPaths = (
			);
			outputPaths = (
			);
			runOnlyForDeploymentPostprocessing = 0;
			shellPath = /bin/sh;
			shellScript = "# Run the unit tests in this test bundle.\n\"${SYSTEM_DEVELOPER_DIR}/Tools/RunUnitTests\"\n";
		};
/* End PBXShellScriptBuildPhase section */

/* Begin PBXSourcesBuildPhase section */
		8EE7485B16C6D69D00089887 /* Sources */ = {
			isa = PBXSourcesBuildPhase;
			buildActionMask = 2147483647;
			files = (
				8EE7486F16C6D69D00089887 /* main.m in Sources */,
				8EE7487316C6D69D00089887 /* DMRAppDelegate.m in Sources */,
				8EE7487F16C6D69D00089887 /* DMRViewController.m in Sources */,
			);
			runOnlyForDeploymentPostprocessing = 0;
		};
		8EE7488016C6D69D00089887 /* Sources */ = {
			isa = PBXSourcesBuildPhase;
			buildActionMask = 2147483647;
			files = (
				8EE7489416C6D69D00089887 /* CalculatorTests.m in Sources */,
			);
			runOnlyForDeploymentPostprocessing = 0;
		};
/* End PBXSourcesBuildPhase section */

/* Begin PBXTargetDependency section */
		8EE7488B16C6D69D00089887 /* PBXTargetDependency */ = {
			isa = PBXTargetDependency;
			target = 8EE7485E16C6D69D00089887 /* Calculator */;
			targetProxy = 8EE7488A16C6D69D00089887 /* PBXContainerItemProxy */;
		};
/* End PBXTargetDependency section */

/* Begin PBXVariantGroup section */
		8EE7486B16C6D69D00089887 /* InfoPlist.strings */ = {
			isa = PBXVariantGroup;
			children = (
				8EE7486C16C6D69D00089887 /* en */,
			);
			name = InfoPlist.strings;
			sourceTree = "<group>";
		};
		8EE7487A16C6D69D00089887 /* MainStoryboard.storyboard */ = {
			isa = PBXVariantGroup;
			children = (
				8EE7487B16C6D69D00089887 /* en */,
			);
			name = MainStoryboard.storyboard;
			sourceTree = "<group>";
		};
		8EE7488F16C6D69D00089887 /* InfoPlist.strings */ = {
			isa = PBXVariantGroup;
			children = (
				8EE7489016C6D69D00089887 /* en */,
			);
			name = InfoPlist.strings;
			sourceTree = "<group>";
		};
/* End PBXVariantGroup section */

/* Begin XCBuildConfiguration section */
		8EE7489516C6D69D00089887 /* Debug */ = {
			isa = XCBuildConfiguration;
			buildSettings = {
				ALWAYS_SEARCH_USER_PATHS = NO;
				CLANG_CXX_LANGUAGE_STANDARD = "gnu++0x";
				CLANG_CXX_LIBRARY = "libc++";
				CLANG_ENABLE_OBJC_ARC = YES;
				CLANG_WARN_CONSTANT_CONVERSION = YES;
				CLANG_WARN_EMPTY_BODY = YES;
				CLANG_WARN_ENUM_CONVERSION = YES;
				CLANG_WARN_INT_CONVERSION = YES;
				CLANG_WARN__DUPLICATE_METHOD_MATCH = YES;
				"CODE_SIGN_IDENTITY[sdk=iphoneos*]" = "iPhone Developer";
				COPY_PHASE_STRIP = NO;
				GCC_C_LANGUAGE_STANDARD = gnu99;
				GCC_DYNAMIC_NO_PIC = NO;
				GCC_OPTIMIZATION_LEVEL = 0;
				GCC_PREPROCESSOR_DEFINITIONS = (
					"DEBUG=1",
					"$(inherited)",
				);
				GCC_SYMBOLS_PRIVATE_EXTERN = NO;
				GCC_WARN_ABOUT_RETURN_TYPE = YES;
				GCC_WARN_UNINITIALIZED_AUTOS = YES;
				GCC_WARN_UNUSED_VARIABLE = YES;
				IPHONEOS_DEPLOYMENT_TARGET = 6.1;
				ONLY_ACTIVE_ARCH = YES;
				SDKROOT = iphoneos;
			};
			name = Debug;
		};
		8EE7489616C6D69D00089887 /* Release */ = {
			isa = XCBuildConfiguration;
			buildSettings = {
				ALWAYS_SEARCH_USER_PATHS = NO;
				CLANG_CXX_LANGUAGE_STANDARD = "gnu++0x";
				CLANG_CXX_LIBRARY = "libc++";
				CLANG_ENABLE_OBJC_ARC = YES;
				CLANG_WARN_CONSTANT_CONVERSION = YES;
				CLANG_WARN_EMPTY_BODY = YES;
				CLANG_WARN_ENUM_CONVERSION = YES;
				CLANG_WARN_INT_CONVERSION = YES;
				CLANG_WARN__DUPLICATE_METHOD_MATCH = YES;
				"CODE_SIGN_IDENTITY[sdk=iphoneos*]" = "iPhone Developer";
				COPY_PHASE_STRIP = YES;
				GCC_C_LANGUAGE_STANDARD = gnu99;
				GCC_WARN_ABOUT_RETURN_TYPE = YES;
				GCC_WARN_UNINITIALIZED_AUTOS = YES;
				GCC_WARN_UNUSED_VARIABLE = YES;
				IPHONEOS_DEPLOYMENT_TARGET = 6.1;
				OTHER_CFLAGS = "-DNS_BLOCK_ASSERTIONS=1";
				SDKROOT = iphoneos;
				VALIDATE_PRODUCT = YES;
			};
			name = Release;
		};
		8EE7489816C6D69D00089887 /* Debug */ = {
			isa = XCBuildConfiguration;
			buildSettings = {
				GCC_PRECOMPILE_PREFIX_HEADER = YES;
				GCC_PREFIX_HEADER = "Calculator/Calculator-Prefix.pch";
				INFOPLIST_FILE = "Calculator/Calculator-Info.plist";
				PRODUCT_NAME = "$(TARGET_NAME)";
				WRAPPER_EXTENSION = app;
			};
			name = Debug;
		};
		8EE7489916C6D69D00089887 /* Release */ = {
			isa = XCBuildConfiguration;
			buildSettings = {
				GCC_PRECOMPILE_PREFIX_HEADER = YES;
				GCC_PREFIX_HEADER = "Calculator/Calculator-Prefix.pch";
				INFOPLIST_FILE = "Calculator/Calculator-Info.plist";
				PRODUCT_NAME = "$(TARGET_NAME)";
				WRAPPER_EXTENSION = app;
			};
			name = Release;
		};
		8EE7489B16C6D69D00089887 /* Debug */ = {
			isa = XCBuildConfiguration;
			buildSettings = {
				BUNDLE_LOADER = "$(BUILT_PRODUCTS_DIR)/Calculator.app/Calculator";
				FRAMEWORK_SEARCH_PATHS = (
					"\"$(SDKROOT)/Developer/Library/Frameworks\"",
					"\"$(DEVELOPER_LIBRARY_DIR)/Frameworks\"",
				);
				GCC_PRECOMPILE_PREFIX_HEADER = YES;
				GCC_PREFIX_HEADER = "Calculator/Calculator-Prefix.pch";
				INFOPLIST_FILE = "CalculatorTests/CalculatorTests-Info.plist";
				PRODUCT_NAME = "$(TARGET_NAME)";
				TEST_HOST = "$(BUNDLE_LOADER)";
				WRAPPER_EXTENSION = octest;
			};
			name = Debug;
		};
		8EE7489C16C6D69D00089887 /* Release */ = {
			isa = XCBuildConfiguration;
			buildSettings = {
				BUNDLE_LOADER = "$(BUILT_PRODUCTS_DIR)/Calculator.app/Calculator";
				FRAMEWORK_SEARCH_PATHS = (
					"\"$(SDKROOT)/Developer/Library/Frameworks\"",
					"\"$(DEVELOPER_LIBRARY_DIR)/Frameworks\"",
				);
				GCC_PRECOMPILE_PREFIX_HEADER = YES;
				GCC_PREFIX_HEADER = "Calculator/Calculator-Prefix.pch";
				INFOPLIST_FILE = "CalculatorTests/CalculatorTests-Info.plist";
				PRODUCT_NAME = "$(TARGET_NAME)";
				TEST_HOST = "$(BUNDLE_LOADER)";
				WRAPPER_EXTENSION = octest;
			};
			name = Release;
		};
/* End XCBuildConfiguration section */

/* Begin XCConfigurationList section */
		8EE7485A16C6D69D00089887 /* Build configuration list for PBXProject "Calculator" */ = {
			isa = XCConfigurationList;
			buildConfigurations = (
				8EE7489516C6D69D00089887 /* Debug */,
				8EE7489616C6D69D00089887 /* Release */,
			);
			defaultConfigurationIsVisible = 0;
			defaultConfigurationName = Release;
		};
		8EE7489716C6D69D00089887 /* Build configuration list for PBXNativeTarget "Calculator" */ = {
			isa = XCConfigurationList;
			buildConfigurations = (
				8EE7489816C6D69D00089887 /* Debug */,
				8EE7489916C6D69D00089887 /* Release */,
			);
			defaultConfigurationIsVisible = 0;
		};
		8EE7489A16C6D69D00089887 /* Build configuration list for PBXNativeTarget "CalculatorTests" */ = {
			isa = XCConfigurationList;
			buildConfigurations = (
				8EE7489B16C6D69D00089887 /* Debug */,
				8EE7489C16C6D69D00089887 /* Release */,
			);
			defaultConfigurationIsVisible = 0;
		};
/* End XCConfigurationList section */
	};
	rootObject = 8EE7485716C6D69D00089887 /* Project object */;
}
